// !$*UTF8*$!
{
	archiveVersion = 1;
	classes = {
	};
	objectVersion = 77;
	objects = {

/* Begin PBXBuildFile section */
		5F6E1B632EBE709F009DF509 /* RunSessionManager.swift in Sources */ = {isa = PBXBuildFile; fileRef = 5F6E1B5B2EBE709F009DF509 /* RunSessionManager.swift */; };
		5F6E1B642EBE709F009DF509 /* RunTemplateType.swift in Sources */ = {isa = PBXBuildFile; fileRef = 5F6E1B332EBE709F009DF509 /* RunTemplateType.swift */; };
		5F6E1B652EBE709F009DF509 /* LiveActivityManager.swift in Sources */ = {isa = PBXBuildFile; fileRef = 5F6E1B582EBE709F009DF509 /* LiveActivityManager.swift */; };
		5F6E1B662EBE709F009DF509 /* NumberWheelPicker.swift in Sources */ = {isa = PBXBuildFile; fileRef = 5F6E1B512EBE709F009DF509 /* NumberWheelPicker.swift */; };
		5F6E1B692EBE709F009DF509 /* RunPreviewService.swift in Sources */ = {isa = PBXBuildFile; fileRef = 5F6E1B4B2EBE709F009DF509 /* RunPreviewService.swift */; };
		5F6E1B6A2EBE709F009DF509 /* Genre.swift in Sources */ = {isa = PBXBuildFile; fileRef = 5F6E1B312EBE709F009DF509 /* Genre.swift */; };
		5F6E1B6B2EBE709F009DF509 /* UIComponents.swift in Sources */ = {isa = PBXBuildFile; fileRef = 5F6E1B542EBE709F009DF509 /* UIComponents.swift */; };
		5F6E1B6C2EBE709F009DF509 /* RunLogView.swift in Sources */ = {isa = PBXBuildFile; fileRef = 5F6E1B522EBE709F009DF509 /* RunLogView.swift */; };
		5F6E1B6D2EBE709F009DF509 /* LibraryCrawler.swift in Sources */ = {isa = PBXBuildFile; fileRef = 5F6E1B382EBE709F009DF509 /* LibraryCrawler.swift */; };
		5F6E1B6E2EBE709F009DF509 /* PreviewRun.swift in Sources */ = {isa = PBXBuildFile; fileRef = 5F6E1B322EBE709F009DF509 /* PreviewRun.swift */; };
		5F6E1B6F2EBE709F009DF509 /* CrawlCoordinator.swift in Sources */ = {isa = PBXBuildFile; fileRef = 5F6E1B372EBE709F009DF509 /* CrawlCoordinator.swift */; };
		5F6E1B702EBE709F009DF509 /* RunPreviewSheet.swift in Sources */ = {isa = PBXBuildFile; fileRef = 5F6E1B532EBE709F009DF509 /* RunPreviewSheet.swift */; };
		5F6E1B712EBE709F009DF509 /* LocalGenerator.swift in Sources */ = {isa = PBXBuildFile; fileRef = 5F6E1B492EBE709F009DF509 /* LocalGenerator.swift */; };
		5F6E1B722EBE709F009DF509 /* RunSummaryView.swift in Sources */ = {isa = PBXBuildFile; fileRef = 5F6E1B5C2EBE709F009DF509 /* RunSummaryView.swift */; };
		5F6E1B732EBE709F009DF509 /* SettingsView.swift in Sources */ = {isa = PBXBuildFile; fileRef = 5F6E1B602EBE709F009DF509 /* SettingsView.swift */; };
		5F6E1B742EBE709F009DF509 /* Decade.swift in Sources */ = {isa = PBXBuildFile; fileRef = 5F6E1B302EBE709F009DF509 /* Decade.swift */; };
		5F6E1B752EBE709F009DF509 /* CachedModels.swift in Sources */ = {isa = PBXBuildFile; fileRef = 5F6E1B2E2EBE709F009DF509 /* CachedModels.swift */; };
		5F6E1B762EBE709F009DF509 /* ProgressStores.swift in Sources */ = {isa = PBXBuildFile; fileRef = 5F6E1B392EBE709F009DF509 /* ProgressStores.swift */; };
		5F6E1B772EBE709F009DF509 /* DurationPickerSheet.swift in Sources */ = {isa = PBXBuildFile; fileRef = 5F6E1B4E2EBE709F009DF509 /* DurationPickerSheet.swift */; };
		5F6E1B782EBE709F009DF509 /* HomeView.swift in Sources */ = {isa = PBXBuildFile; fileRef = 5F6E1B502EBE709F009DF509 /* HomeView.swift */; };
		5F6E1B7A2EBE709F009DF509 /* RunOrchestrator.swift in Sources */ = {isa = PBXBuildFile; fileRef = 5F6E1B5A2EBE709F009DF509 /* RunOrchestrator.swift */; };
		5F6E1B7C2EBE709F009DF509 /* StartRunView.swift in Sources */ = {isa = PBXBuildFile; fileRef = 5F6E1B5E2EBE709F009DF509 /* StartRunView.swift */; };
		5F6E1B7D2EBE709F009DF509 /* OnboardingFlowView.swift in Sources */ = {isa = PBXBuildFile; fileRef = 5F6E1B562EBE709F009DF509 /* OnboardingFlowView.swift */; };
		5F6E1B7F2EBE709F009DF509 /* WebTokenConnectView.swift in Sources */ = {isa = PBXBuildFile; fileRef = 5F6E1B442EBE709F009DF509 /* WebTokenConnectView.swift */; };
		5F6E1B802EBE709F009DF509 /* ReccoBeatsClient.swift in Sources */ = {isa = PBXBuildFile; fileRef = 5F6E1B4A2EBE709F009DF509 /* ReccoBeatsClient.swift */; };
		5F6E1B812EBE709F009DF509 /* JukyHeadlessRefresher.swift in Sources */ = {isa = PBXBuildFile; fileRef = 5F6E1B422EBE709F009DF509 /* JukyHeadlessRefresher.swift */; };
		5F6E1B822EBE709F009DF509 /* AuthService.swift in Sources */ = {isa = PBXBuildFile; fileRef = 5F6E1B412EBE709F009DF509 /* AuthService.swift */; };
		5F6E1B832EBE709F009DF509 /* SpotifyRecommendationsClient.swift in Sources */ = {isa = PBXBuildFile; fileRef = 5F6E1B4C2EBE709F009DF509 /* SpotifyRecommendationsClient.swift */; };
		5F6E1B842EBE709F009DF509 /* GenreUmbrellaService.swift in Sources */ = {isa = PBXBuildFile; fileRef = 5F6E1B482EBE709F009DF509 /* GenreUmbrellaService.swift */; };
		5F6E1B852EBE709F009DF509 /* CompletedRun.swift in Sources */ = {isa = PBXBuildFile; fileRef = 5F6E1B2F2EBE709F009DF509 /* CompletedRun.swift */; };
		5F6E1B862EBE709F009DF509 /* LoginSplashView.swift in Sources */ = {isa = PBXBuildFile; fileRef = 5F6E1B432EBE709F009DF509 /* LoginSplashView.swift */; };
		5F6E1B872EBE709F009DF509 /* SpotifyPlaybackController.swift in Sources */ = {isa = PBXBuildFile; fileRef = 5F6E1B5D2EBE709F009DF509 /* SpotifyPlaybackController.swift */; };
		5F6E1B882EBE709F009DF509 /* NotificationScheduler.swift in Sources */ = {isa = PBXBuildFile; fileRef = 5F6E1B592EBE709F009DF509 /* NotificationScheduler.swift */; };
		5F6E1B8A2EBE709F009DF509 /* SpotifyCredentials.swift in Sources */ = {isa = PBXBuildFile; fileRef = 5F6E1B342EBE709F009DF509 /* SpotifyCredentials.swift */; };
		5F6E1B8B2EBE709F009DF509 /* FilterPickerSheet.swift in Sources */ = {isa = PBXBuildFile; fileRef = 5F6E1B4F2EBE709F009DF509 /* FilterPickerSheet.swift */; };
		5F6E1B902EC2778C009DF509 /* ReccoIdCache.swift in Sources */ = {isa = PBXBuildFile; fileRef = 5F6E1B8E2EC2778C009DF509 /* ReccoIdCache.swift */; };
		5F6E1B912EC2778C009DF509 /* FeaturesIngestor.swift in Sources */ = {isa = PBXBuildFile; fileRef = 5F6E1B8D2EC2778C009DF509 /* FeaturesIngestor.swift */; };
		5F6E1B922EC2778C009DF509 /* ArtistsIngestor.swift in Sources */ = {isa = PBXBuildFile; fileRef = 5F6E1B8C2EC2778C009DF509 /* ArtistsIngestor.swift */; };
		5F6E1B952EC3AAE4009DF509 /* CachedPlaylist.swift in Sources */ = {isa = PBXBuildFile; fileRef = 5F6E1B932EC3AAE4009DF509 /* CachedPlaylist.swift */; };
		5F6E1B962EC3AAE4009DF509 /* PlaylistMembership.swift in Sources */ = {isa = PBXBuildFile; fileRef = 5F6E1B942EC3AAE4009DF509 /* PlaylistMembership.swift */; };
		5F6E1BA12EC3ABA2009DF509 /* PlaylistSelectionView.swift in Sources */ = {isa = PBXBuildFile; fileRef = 5F6E1BA02EC3ABA2009DF509 /* PlaylistSelectionView.swift */; };
		5F6E1BA72EC3ABC1009DF509 /* PlaylistsCoordinator.swift in Sources */ = {isa = PBXBuildFile; fileRef = 5F6E1BA22EC3ABC1009DF509 /* PlaylistsCoordinator.swift */; };
		5F6E1BA82EC3ABC1009DF509 /* PlaylistsRepository.swift in Sources */ = {isa = PBXBuildFile; fileRef = 5F6E1BA52EC3ABC1009DF509 /* PlaylistsRepository.swift */; };
		5F6E1BA92EC3ABC1009DF509 /* PlaylistsDataStack.swift in Sources */ = {isa = PBXBuildFile; fileRef = 5F6E1BA42EC3ABC1009DF509 /* PlaylistsDataStack.swift */; };
		5F6E1BAA2EC3ABC1009DF509 /* PlaylistsCrawler.swift in Sources */ = {isa = PBXBuildFile; fileRef = 5F6E1BA32EC3ABC1009DF509 /* PlaylistsCrawler.swift */; };
		5F6E1BD92ECD016D009DF509 /* ThirdSourceDataStack.swift in Sources */ = {isa = PBXBuildFile; fileRef = 5F6E1BD72ECD016D009DF509 /* ThirdSourceDataStack.swift */; };
		5F6E1BDB2ECF0000009DF509 /* DefaultFiltersView.swift in Sources */ = {isa = PBXBuildFile; fileRef = 5F6E1BDA2ECF0000009DF509 /* DefaultFiltersView.swift */; };
		5F6E1E922EDDE804009DF509 /* RunSetupSheet.swift in Sources */ = {isa = PBXBuildFile; fileRef = 5F6E1E912EDDE804009DF509 /* RunSetupSheet.swift */; };
		5F94FD012E4F8E1900A3F9AE /* SpotifyService.swift in Sources */ = {isa = PBXBuildFile; fileRef = 5F94FCFF2E4F8CF600A3F9AE /* SpotifyService.swift */; };
		5FECA3D02E79E918007D0002 /* Assets.xcassets in Resources */ = {isa = PBXBuildFile; fileRef = 5FECA3CF2E79E918007D0002 /* Assets.xcassets */; };
/* End PBXBuildFile section */

/* Begin PBXContainerItemProxy section */
		5F94FCDD2E4F886300A3F9AE /* PBXContainerItemProxy */ = {
			isa = PBXContainerItemProxy;
			containerPortal = 5F94FCC52E4F886200A3F9AE /* Project object */;
			proxyType = 1;
			remoteGlobalIDString = 5F94FCCC2E4F886200A3F9AE;
			remoteInfo = RunClub;
		};
		5F94FCE72E4F886300A3F9AE /* PBXContainerItemProxy */ = {
			isa = PBXContainerItemProxy;
			containerPortal = 5F94FCC52E4F886200A3F9AE /* Project object */;
			proxyType = 1;
			remoteGlobalIDString = 5F94FCCC2E4F886200A3F9AE;
			remoteInfo = RunClub;
		};
/* End PBXContainerItemProxy section */

/* Begin PBXCopyFilesBuildPhase section */
		5F2D59CA2E7459DB00641CEA /* Embed Libraries */ = {
			isa = PBXCopyFilesBuildPhase;
			buildActionMask = 2147483647;
			dstPath = "";
			dstSubfolderSpec = 10;
			files = (
			);
			name = "Embed Libraries";
			runOnlyForDeploymentPostprocessing = 0;
		};
/* End PBXCopyFilesBuildPhase section */

/* Begin PBXFileReference section */
		5F6E1B2E2EBE709F009DF509 /* CachedModels.swift */ = {isa = PBXFileReference; lastKnownFileType = sourcecode.swift; path = CachedModels.swift; sourceTree = "<group>"; };
		5F6E1B2F2EBE709F009DF509 /* CompletedRun.swift */ = {isa = PBXFileReference; lastKnownFileType = sourcecode.swift; path = CompletedRun.swift; sourceTree = "<group>"; };
		5F6E1B302EBE709F009DF509 /* Decade.swift */ = {isa = PBXFileReference; lastKnownFileType = sourcecode.swift; path = Decade.swift; sourceTree = "<group>"; };
		5F6E1B312EBE709F009DF509 /* Genre.swift */ = {isa = PBXFileReference; lastKnownFileType = sourcecode.swift; path = Genre.swift; sourceTree = "<group>"; };
		5F6E1B322EBE709F009DF509 /* PreviewRun.swift */ = {isa = PBXFileReference; lastKnownFileType = sourcecode.swift; path = PreviewRun.swift; sourceTree = "<group>"; };
		5F6E1B332EBE709F009DF509 /* RunTemplateType.swift */ = {isa = PBXFileReference; lastKnownFileType = sourcecode.swift; path = RunTemplateType.swift; sourceTree = "<group>"; };
		5F6E1B342EBE709F009DF509 /* SpotifyCredentials.swift */ = {isa = PBXFileReference; lastKnownFileType = sourcecode.swift; path = SpotifyCredentials.swift; sourceTree = "<group>"; };
		5F6E1B372EBE709F009DF509 /* CrawlCoordinator.swift */ = {isa = PBXFileReference; lastKnownFileType = sourcecode.swift; path = CrawlCoordinator.swift; sourceTree = "<group>"; };
		5F6E1B382EBE709F009DF509 /* LibraryCrawler.swift */ = {isa = PBXFileReference; lastKnownFileType = sourcecode.swift; path = LibraryCrawler.swift; sourceTree = "<group>"; };
		5F6E1B392EBE709F009DF509 /* ProgressStores.swift */ = {isa = PBXFileReference; lastKnownFileType = sourcecode.swift; path = ProgressStores.swift; sourceTree = "<group>"; };
		5F6E1B412EBE709F009DF509 /* AuthService.swift */ = {isa = PBXFileReference; lastKnownFileType = sourcecode.swift; path = AuthService.swift; sourceTree = "<group>"; };
		5F6E1B422EBE709F009DF509 /* JukyHeadlessRefresher.swift */ = {isa = PBXFileReference; lastKnownFileType = sourcecode.swift; path = JukyHeadlessRefresher.swift; sourceTree = "<group>"; };
		5F6E1B432EBE709F009DF509 /* LoginSplashView.swift */ = {isa = PBXFileReference; lastKnownFileType = sourcecode.swift; path = LoginSplashView.swift; sourceTree = "<group>"; };
		5F6E1B442EBE709F009DF509 /* WebTokenConnectView.swift */ = {isa = PBXFileReference; lastKnownFileType = sourcecode.swift; path = WebTokenConnectView.swift; sourceTree = "<group>"; };
		5F6E1B482EBE709F009DF509 /* GenreUmbrellaService.swift */ = {isa = PBXFileReference; lastKnownFileType = sourcecode.swift; path = GenreUmbrellaService.swift; sourceTree = "<group>"; };
		5F6E1B492EBE709F009DF509 /* LocalGenerator.swift */ = {isa = PBXFileReference; lastKnownFileType = sourcecode.swift; path = LocalGenerator.swift; sourceTree = "<group>"; };
		5F6E1B4A2EBE709F009DF509 /* ReccoBeatsClient.swift */ = {isa = PBXFileReference; lastKnownFileType = sourcecode.swift; path = ReccoBeatsClient.swift; sourceTree = "<group>"; };
		5F6E1B4B2EBE709F009DF509 /* RunPreviewService.swift */ = {isa = PBXFileReference; lastKnownFileType = sourcecode.swift; path = RunPreviewService.swift; sourceTree = "<group>"; };
		5F6E1B4C2EBE709F009DF509 /* SpotifyRecommendationsClient.swift */ = {isa = PBXFileReference; lastKnownFileType = sourcecode.swift; path = SpotifyRecommendationsClient.swift; sourceTree = "<group>"; };
		5F6E1B4E2EBE709F009DF509 /* DurationPickerSheet.swift */ = {isa = PBXFileReference; lastKnownFileType = sourcecode.swift; path = DurationPickerSheet.swift; sourceTree = "<group>"; };
		5F6E1B4F2EBE709F009DF509 /* FilterPickerSheet.swift */ = {isa = PBXFileReference; lastKnownFileType = sourcecode.swift; path = FilterPickerSheet.swift; sourceTree = "<group>"; };
		5F6E1B502EBE709F009DF509 /* HomeView.swift */ = {isa = PBXFileReference; lastKnownFileType = sourcecode.swift; path = HomeView.swift; sourceTree = "<group>"; };
		5F6E1B512EBE709F009DF509 /* NumberWheelPicker.swift */ = {isa = PBXFileReference; lastKnownFileType = sourcecode.swift; path = NumberWheelPicker.swift; sourceTree = "<group>"; };
		5F6E1B522EBE709F009DF509 /* RunLogView.swift */ = {isa = PBXFileReference; lastKnownFileType = sourcecode.swift; path = RunLogView.swift; sourceTree = "<group>"; };
		5F6E1B532EBE709F009DF509 /* RunPreviewSheet.swift */ = {isa = PBXFileReference; lastKnownFileType = sourcecode.swift; path = RunPreviewSheet.swift; sourceTree = "<group>"; };
		5F6E1B542EBE709F009DF509 /* UIComponents.swift */ = {isa = PBXFileReference; lastKnownFileType = sourcecode.swift; path = UIComponents.swift; sourceTree = "<group>"; };
		5F6E1B562EBE709F009DF509 /* OnboardingFlowView.swift */ = {isa = PBXFileReference; lastKnownFileType = sourcecode.swift; path = OnboardingFlowView.swift; sourceTree = "<group>"; };
		5F6E1B582EBE709F009DF509 /* LiveActivityManager.swift */ = {isa = PBXFileReference; lastKnownFileType = sourcecode.swift; path = LiveActivityManager.swift; sourceTree = "<group>"; };
		5F6E1B592EBE709F009DF509 /* NotificationScheduler.swift */ = {isa = PBXFileReference; lastKnownFileType = sourcecode.swift; path = NotificationScheduler.swift; sourceTree = "<group>"; };
		5F6E1B5A2EBE709F009DF509 /* RunOrchestrator.swift */ = {isa = PBXFileReference; lastKnownFileType = sourcecode.swift; path = RunOrchestrator.swift; sourceTree = "<group>"; };
		5F6E1B5B2EBE709F009DF509 /* RunSessionManager.swift */ = {isa = PBXFileReference; lastKnownFileType = sourcecode.swift; path = RunSessionManager.swift; sourceTree = "<group>"; };
		5F6E1B5C2EBE709F009DF509 /* RunSummaryView.swift */ = {isa = PBXFileReference; lastKnownFileType = sourcecode.swift; path = RunSummaryView.swift; sourceTree = "<group>"; };
		5F6E1B5D2EBE709F009DF509 /* SpotifyPlaybackController.swift */ = {isa = PBXFileReference; lastKnownFileType = sourcecode.swift; path = SpotifyPlaybackController.swift; sourceTree = "<group>"; };
		5F6E1B5E2EBE709F009DF509 /* StartRunView.swift */ = {isa = PBXFileReference; lastKnownFileType = sourcecode.swift; path = StartRunView.swift; sourceTree = "<group>"; };
		5F6E1B602EBE709F009DF509 /* SettingsView.swift */ = {isa = PBXFileReference; lastKnownFileType = sourcecode.swift; path = SettingsView.swift; sourceTree = "<group>"; };
		5F6E1B8C2EC2778C009DF509 /* ArtistsIngestor.swift */ = {isa = PBXFileReference; lastKnownFileType = sourcecode.swift; path = ArtistsIngestor.swift; sourceTree = "<group>"; };
		5F6E1B8D2EC2778C009DF509 /* FeaturesIngestor.swift */ = {isa = PBXFileReference; lastKnownFileType = sourcecode.swift; path = FeaturesIngestor.swift; sourceTree = "<group>"; };
		5F6E1B8E2EC2778C009DF509 /* ReccoIdCache.swift */ = {isa = PBXFileReference; lastKnownFileType = sourcecode.swift; path = ReccoIdCache.swift; sourceTree = "<group>"; };
		5F6E1B932EC3AAE4009DF509 /* CachedPlaylist.swift */ = {isa = PBXFileReference; lastKnownFileType = sourcecode.swift; path = CachedPlaylist.swift; sourceTree = "<group>"; };
		5F6E1B942EC3AAE4009DF509 /* PlaylistMembership.swift */ = {isa = PBXFileReference; lastKnownFileType = sourcecode.swift; path = PlaylistMembership.swift; sourceTree = "<group>"; };
		5F6E1BA02EC3ABA2009DF509 /* PlaylistSelectionView.swift */ = {isa = PBXFileReference; lastKnownFileType = sourcecode.swift; path = PlaylistSelectionView.swift; sourceTree = "<group>"; };
		5F6E1BA22EC3ABC1009DF509 /* PlaylistsCoordinator.swift */ = {isa = PBXFileReference; lastKnownFileType = sourcecode.swift; path = PlaylistsCoordinator.swift; sourceTree = "<group>"; };
		5F6E1BA32EC3ABC1009DF509 /* PlaylistsCrawler.swift */ = {isa = PBXFileReference; lastKnownFileType = sourcecode.swift; path = PlaylistsCrawler.swift; sourceTree = "<group>"; };
		5F6E1BA42EC3ABC1009DF509 /* PlaylistsDataStack.swift */ = {isa = PBXFileReference; lastKnownFileType = sourcecode.swift; path = PlaylistsDataStack.swift; sourceTree = "<group>"; };
		5F6E1BA52EC3ABC1009DF509 /* PlaylistsRepository.swift */ = {isa = PBXFileReference; lastKnownFileType = sourcecode.swift; path = PlaylistsRepository.swift; sourceTree = "<group>"; };
		5F6E1BD72ECD016D009DF509 /* ThirdSourceDataStack.swift */ = {isa = PBXFileReference; lastKnownFileType = sourcecode.swift; path = ThirdSourceDataStack.swift; sourceTree = "<group>"; };
		5F6E1BDA2ECF0000009DF509 /* DefaultFiltersView.swift */ = {isa = PBXFileReference; lastKnownFileType = sourcecode.swift; path = DefaultFiltersView.swift; sourceTree = "<group>"; };
		5F6E1E912EDDE804009DF509 /* RunSetupSheet.swift */ = {isa = PBXFileReference; lastKnownFileType = sourcecode.swift; path = RunSetupSheet.swift; sourceTree = "<group>"; };
		5F94FCCD2E4F886200A3F9AE /* RunClubAppX.app */ = {isa = PBXFileReference; explicitFileType = wrapper.application; includeInIndex = 0; path = RunClubAppX.app; sourceTree = BUILT_PRODUCTS_DIR; };
		5F94FCDC2E4F886300A3F9AE /* RunClubTests.xctest */ = {isa = PBXFileReference; explicitFileType = wrapper.cfbundle; includeInIndex = 0; path = RunClubTests.xctest; sourceTree = BUILT_PRODUCTS_DIR; };
		5F94FCE62E4F886300A3F9AE /* RunClubUITests.xctest */ = {isa = PBXFileReference; explicitFileType = wrapper.cfbundle; includeInIndex = 0; path = RunClubUITests.xctest; sourceTree = BUILT_PRODUCTS_DIR; };
		5F94FCFF2E4F8CF600A3F9AE /* SpotifyService.swift */ = {isa = PBXFileReference; lastKnownFileType = sourcecode.swift; path = SpotifyService.swift; sourceTree = "<group>"; };
		5FECA3CF2E79E918007D0002 /* Assets.xcassets */ = {isa = PBXFileReference; lastKnownFileType = folder.assetcatalog; path = Assets.xcassets; sourceTree = "<group>"; };
/* End PBXFileReference section */

/* Begin PBXFileSystemSynchronizedBuildFileExceptionSet section */
		5F94FCFA2E4F89FE00A3F9AE /* Exceptions for "RunClub" folder in "RunClub" target */ = {
			isa = PBXFileSystemSynchronizedBuildFileExceptionSet;
			membershipExceptions = (
				Info.plist,
			);
			target = 5F94FCCC2E4F886200A3F9AE /* RunClub */;
		};
/* End PBXFileSystemSynchronizedBuildFileExceptionSet section */

/* Begin PBXFileSystemSynchronizedRootGroup section */
		5F94FCCF2E4F886200A3F9AE /* RunClub */ = {
			isa = PBXFileSystemSynchronizedRootGroup;
			exceptions = (
				5F94FCFA2E4F89FE00A3F9AE /* Exceptions for "RunClub" folder in "RunClub" target */,
			);
			path = RunClub;
			sourceTree = "<group>";
		};
		5F94FCDF2E4F886300A3F9AE /* RunClubTests */ = {
			isa = PBXFileSystemSynchronizedRootGroup;
			path = RunClubTests;
			sourceTree = "<group>";
		};
		5F94FCE92E4F886300A3F9AE /* RunClubUITests */ = {
			isa = PBXFileSystemSynchronizedRootGroup;
			path = RunClubUITests;
			sourceTree = "<group>";
		};
/* End PBXFileSystemSynchronizedRootGroup section */

/* Begin PBXFrameworksBuildPhase section */
		5F94FCCA2E4F886200A3F9AE /* Frameworks */ = {
			isa = PBXFrameworksBuildPhase;
			buildActionMask = 2147483647;
			files = (
			);
			runOnlyForDeploymentPostprocessing = 0;
		};
		5F94FCD92E4F886300A3F9AE /* Frameworks */ = {
			isa = PBXFrameworksBuildPhase;
			buildActionMask = 2147483647;
			files = (
			);
			runOnlyForDeploymentPostprocessing = 0;
		};
		5F94FCE32E4F886300A3F9AE /* Frameworks */ = {
			isa = PBXFrameworksBuildPhase;
			buildActionMask = 2147483647;
			files = (
			);
			runOnlyForDeploymentPostprocessing = 0;
		};
/* End PBXFrameworksBuildPhase section */

/* Begin PBXGroup section */
		5F6E1B352EBE709F009DF509 /* Models */ = {
			isa = PBXGroup;
			children = (
				5F6E1B932EC3AAE4009DF509 /* CachedPlaylist.swift */,
				5F6E1B942EC3AAE4009DF509 /* PlaylistMembership.swift */,
				5F6E1B2E2EBE709F009DF509 /* CachedModels.swift */,
				5F6E1B2F2EBE709F009DF509 /* CompletedRun.swift */,
				5F6E1B302EBE709F009DF509 /* Decade.swift */,
				5F6E1B312EBE709F009DF509 /* Genre.swift */,
				5F6E1B322EBE709F009DF509 /* PreviewRun.swift */,
				5F6E1B332EBE709F009DF509 /* RunTemplateType.swift */,
				5F6E1B342EBE709F009DF509 /* SpotifyCredentials.swift */,
			);
			path = Models;
			sourceTree = "<group>";
		};
		5F6E1B362EBE709F009DF509 /* Core */ = {
			isa = PBXGroup;
			children = (
				5F6E1B352EBE709F009DF509 /* Models */,
			);
			path = Core;
			sourceTree = "<group>";
		};
		5F6E1B3A2EBE709F009DF509 /* Library */ = {
			isa = PBXGroup;
			children = (
				5F6E1B372EBE709F009DF509 /* CrawlCoordinator.swift */,
				5F6E1B382EBE709F009DF509 /* LibraryCrawler.swift */,
				5F6E1B392EBE709F009DF509 /* ProgressStores.swift */,
			);
			path = Library;
			sourceTree = "<group>";
		};
		5F6E1B402EBE709F009DF509 /* Data */ = {
			isa = PBXGroup;
			children = (
				5F6E1BD82ECD016D009DF509 /* ThirdSource */,
				5F6E1BA62EC3ABC1009DF509 /* Playlists */,
				5F6E1B8F2EC2778C009DF509 /* Ingestion */,
				5F6E1B3A2EBE709F009DF509 /* Library */,
			);
			path = Data;
			sourceTree = "<group>";
		};
		5F6E1B452EBE709F009DF509 /* Auth */ = {
			isa = PBXGroup;
			children = (
				5F6E1B412EBE709F009DF509 /* AuthService.swift */,
				5F6E1B422EBE709F009DF509 /* JukyHeadlessRefresher.swift */,
				5F6E1B432EBE709F009DF509 /* LoginSplashView.swift */,
				5F6E1B442EBE709F009DF509 /* WebTokenConnectView.swift */,
			);
			path = Auth;
			sourceTree = "<group>";
		};
		5F6E1B4D2EBE709F009DF509 /* Generation */ = {
			isa = PBXGroup;
			children = (
				5F6E1B482EBE709F009DF509 /* GenreUmbrellaService.swift */,
				5F6E1B492EBE709F009DF509 /* LocalGenerator.swift */,
				5F6E1B4A2EBE709F009DF509 /* ReccoBeatsClient.swift */,
				5F6E1B4B2EBE709F009DF509 /* RunPreviewService.swift */,
				5F6E1B4C2EBE709F009DF509 /* SpotifyRecommendationsClient.swift */,
			);
			path = Generation;
			sourceTree = "<group>";
		};
		5F6E1B552EBE709F009DF509 /* Home */ = {
			isa = PBXGroup;
			children = (
				5F6E1E912EDDE804009DF509 /* RunSetupSheet.swift */,
				5F6E1B4E2EBE709F009DF509 /* DurationPickerSheet.swift */,
				5F6E1B4F2EBE709F009DF509 /* FilterPickerSheet.swift */,
				5F6E1B502EBE709F009DF509 /* HomeView.swift */,
				5F6E1B512EBE709F009DF509 /* NumberWheelPicker.swift */,
				5F6E1B522EBE709F009DF509 /* RunLogView.swift */,
				5F6E1B532EBE709F009DF509 /* RunPreviewSheet.swift */,
				5F6E1B542EBE709F009DF509 /* UIComponents.swift */,
			);
			path = Home;
			sourceTree = "<group>";
		};
		5F6E1B572EBE709F009DF509 /* Onboarding */ = {
			isa = PBXGroup;
			children = (
				5F6E1BA02EC3ABA2009DF509 /* PlaylistSelectionView.swift */,
				5F6E1B562EBE709F009DF509 /* OnboardingFlowView.swift */,
			);
			path = Onboarding;
			sourceTree = "<group>";
		};
		5F6E1B5F2EBE709F009DF509 /* RunSession */ = {
			isa = PBXGroup;
			children = (
				5F6E1B582EBE709F009DF509 /* LiveActivityManager.swift */,
				5F6E1B592EBE709F009DF509 /* NotificationScheduler.swift */,
				5F6E1B5A2EBE709F009DF509 /* RunOrchestrator.swift */,
				5F6E1B5B2EBE709F009DF509 /* RunSessionManager.swift */,
				5F6E1B5C2EBE709F009DF509 /* RunSummaryView.swift */,
				5F6E1B5D2EBE709F009DF509 /* SpotifyPlaybackController.swift */,
				5F6E1B5E2EBE709F009DF509 /* StartRunView.swift */,
			);
			path = RunSession;
			sourceTree = "<group>";
		};
		5F6E1B612EBE709F009DF509 /* Settings */ = {
			isa = PBXGroup;
			children = (
				5F6E1BDA2ECF0000009DF509 /* DefaultFiltersView.swift */,
				5F6E1B602EBE709F009DF509 /* SettingsView.swift */,
			);
			path = Settings;
			sourceTree = "<group>";
		};
		5F6E1B622EBE709F009DF509 /* Features */ = {
			isa = PBXGroup;
			children = (
				5F6E1B452EBE709F009DF509 /* Auth */,
				5F6E1B4D2EBE709F009DF509 /* Generation */,
				5F6E1B552EBE709F009DF509 /* Home */,
				5F6E1B572EBE709F009DF509 /* Onboarding */,
				5F6E1B5F2EBE709F009DF509 /* RunSession */,
				5F6E1B612EBE709F009DF509 /* Settings */,
			);
			path = Features;
			sourceTree = "<group>";
		};
		5F6E1B8F2EC2778C009DF509 /* Ingestion */ = {
			isa = PBXGroup;
			children = (
				5F6E1B8C2EC2778C009DF509 /* ArtistsIngestor.swift */,
				5F6E1B8D2EC2778C009DF509 /* FeaturesIngestor.swift */,
				5F6E1B8E2EC2778C009DF509 /* ReccoIdCache.swift */,
			);
			path = Ingestion;
			sourceTree = "<group>";
		};
		5F6E1BA62EC3ABC1009DF509 /* Playlists */ = {
			isa = PBXGroup;
			children = (
				5F6E1BA22EC3ABC1009DF509 /* PlaylistsCoordinator.swift */,
				5F6E1BA32EC3ABC1009DF509 /* PlaylistsCrawler.swift */,
				5F6E1BA42EC3ABC1009DF509 /* PlaylistsDataStack.swift */,
				5F6E1BA52EC3ABC1009DF509 /* PlaylistsRepository.swift */,
			);
			path = Playlists;
			sourceTree = "<group>";
		};
		5F6E1BAF2EC61EAD009DF509 /* Frameworks */ = {
			isa = PBXGroup;
			children = (
			);
			name = Frameworks;
			sourceTree = "<group>";
		};
		5F6E1BD82ECD016D009DF509 /* ThirdSource */ = {
			isa = PBXGroup;
			children = (
				5F6E1BD72ECD016D009DF509 /* ThirdSourceDataStack.swift */,
			);
			path = ThirdSource;
			sourceTree = "<group>";
		};
		5F94FCC42E4F886200A3F9AE = {
			isa = PBXGroup;
			children = (
				5FECA3CF2E79E918007D0002 /* Assets.xcassets */,
				5F6E1B362EBE709F009DF509 /* Core */,
				5F6E1B402EBE709F009DF509 /* Data */,
				5F6E1B622EBE709F009DF509 /* Features */,
				5F94FCFC2E4F8CC400A3F9AE /* Services */,
				5F94FCCF2E4F886200A3F9AE /* RunClub */,
				5F94FCDF2E4F886300A3F9AE /* RunClubTests */,
				5F94FCE92E4F886300A3F9AE /* RunClubUITests */,
				5F6E1BAF2EC61EAD009DF509 /* Frameworks */,
				5F94FCCE2E4F886200A3F9AE /* Products */,
			);
			sourceTree = "<group>";
		};
		5F94FCCE2E4F886200A3F9AE /* Products */ = {
			isa = PBXGroup;
			children = (
				5F94FCCD2E4F886200A3F9AE /* RunClubAppX.app */,
				5F94FCDC2E4F886300A3F9AE /* RunClubTests.xctest */,
				5F94FCE62E4F886300A3F9AE /* RunClubUITests.xctest */,
			);
			name = Products;
			sourceTree = "<group>";
		};
		5F94FCFC2E4F8CC400A3F9AE /* Services */ = {
			isa = PBXGroup;
			children = (
				5F94FCFF2E4F8CF600A3F9AE /* SpotifyService.swift */,
			);
			path = Services;
			sourceTree = "<group>";
		};
/* End PBXGroup section */

/* Begin PBXNativeTarget section */
		5F94FCCC2E4F886200A3F9AE /* RunClub */ = {
			isa = PBXNativeTarget;
			buildConfigurationList = 5F94FCF02E4F886300A3F9AE /* Build configuration list for PBXNativeTarget "RunClub" */;
			buildPhases = (
				5F94FCC92E4F886200A3F9AE /* Sources */,
				5F94FCCA2E4F886200A3F9AE /* Frameworks */,
				5F94FCCB2E4F886200A3F9AE /* Resources */,
				5F2D59CA2E7459DB00641CEA /* Embed Libraries */,
			);
			buildRules = (
			);
			dependencies = (
			);
			fileSystemSynchronizedGroups = (
				5F94FCCF2E4F886200A3F9AE /* RunClub */,
			);
			name = RunClub;
			packageProductDependencies = (
			);
			productName = RunClub;
			productReference = 5F94FCCD2E4F886200A3F9AE /* RunClubAppX.app */;
			productType = "com.apple.product-type.application";
		};
		5F94FCDB2E4F886300A3F9AE /* RunClubTests */ = {
			isa = PBXNativeTarget;
			buildConfigurationList = 5F94FCF32E4F886300A3F9AE /* Build configuration list for PBXNativeTarget "RunClubTests" */;
			buildPhases = (
				5F94FCD82E4F886300A3F9AE /* Sources */,
				5F94FCD92E4F886300A3F9AE /* Frameworks */,
				5F94FCDA2E4F886300A3F9AE /* Resources */,
			);
			buildRules = (
			);
			dependencies = (
				5F94FCDE2E4F886300A3F9AE /* PBXTargetDependency */,
			);
			fileSystemSynchronizedGroups = (
				5F94FCDF2E4F886300A3F9AE /* RunClubTests */,
			);
			name = RunClubTests;
			packageProductDependencies = (
			);
			productName = RunClubTests;
			productReference = 5F94FCDC2E4F886300A3F9AE /* RunClubTests.xctest */;
			productType = "com.apple.product-type.bundle.unit-test";
		};
		5F94FCE52E4F886300A3F9AE /* RunClubUITests */ = {
			isa = PBXNativeTarget;
			buildConfigurationList = 5F94FCF62E4F886300A3F9AE /* Build configuration list for PBXNativeTarget "RunClubUITests" */;
			buildPhases = (
				5F94FCE22E4F886300A3F9AE /* Sources */,
				5F94FCE32E4F886300A3F9AE /* Frameworks */,
				5F94FCE42E4F886300A3F9AE /* Resources */,
			);
			buildRules = (
			);
			dependencies = (
				5F94FCE82E4F886300A3F9AE /* PBXTargetDependency */,
			);
			fileSystemSynchronizedGroups = (
				5F94FCE92E4F886300A3F9AE /* RunClubUITests */,
			);
			name = RunClubUITests;
			packageProductDependencies = (
			);
			productName = RunClubUITests;
			productReference = 5F94FCE62E4F886300A3F9AE /* RunClubUITests.xctest */;
			productType = "com.apple.product-type.bundle.ui-testing";
		};
/* End PBXNativeTarget section */

/* Begin PBXProject section */
		5F94FCC52E4F886200A3F9AE /* Project object */ = {
			isa = PBXProject;
			attributes = {
				BuildIndependentTargetsInParallel = 1;
				LastSwiftUpdateCheck = 1640;
				LastUpgradeCheck = 1640;
				TargetAttributes = {
					5F94FCCC2E4F886200A3F9AE = {
						CreatedOnToolsVersion = 16.4;
					};
					5F94FCDB2E4F886300A3F9AE = {
						CreatedOnToolsVersion = 16.4;
						TestTargetID = 5F94FCCC2E4F886200A3F9AE;
					};
					5F94FCE52E4F886300A3F9AE = {
						CreatedOnToolsVersion = 16.4;
						TestTargetID = 5F94FCCC2E4F886200A3F9AE;
					};
				};
			};
			buildConfigurationList = 5F94FCC82E4F886200A3F9AE /* Build configuration list for PBXProject "RunClub" */;
			developmentRegion = en;
			hasScannedForEncodings = 0;
			knownRegions = (
				en,
				Base,
			);
			mainGroup = 5F94FCC42E4F886200A3F9AE;
			minimizedProjectReferenceProxies = 1;
			packageReferences = (
			);
			preferredProjectObjectVersion = 77;
			productRefGroup = 5F94FCCE2E4F886200A3F9AE /* Products */;
			projectDirPath = "";
			projectRoot = "";
			targets = (
				5F94FCCC2E4F886200A3F9AE /* RunClub */,
				5F94FCDB2E4F886300A3F9AE /* RunClubTests */,
				5F94FCE52E4F886300A3F9AE /* RunClubUITests */,
			);
		};
/* End PBXProject section */

/* Begin PBXResourcesBuildPhase section */
		5F94FCCB2E4F886200A3F9AE /* Resources */ = {
			isa = PBXResourcesBuildPhase;
			buildActionMask = 2147483647;
			files = (
				5FECA3D02E79E918007D0002 /* Assets.xcassets in Resources */,
			);
			runOnlyForDeploymentPostprocessing = 0;
		};
		5F94FCDA2E4F886300A3F9AE /* Resources */ = {
			isa = PBXResourcesBuildPhase;
			buildActionMask = 2147483647;
			files = (
			);
			runOnlyForDeploymentPostprocessing = 0;
		};
		5F94FCE42E4F886300A3F9AE /* Resources */ = {
			isa = PBXResourcesBuildPhase;
			buildActionMask = 2147483647;
			files = (
			);
			runOnlyForDeploymentPostprocessing = 0;
		};
/* End PBXResourcesBuildPhase section */

/* Begin PBXSourcesBuildPhase section */
		5F94FCC92E4F886200A3F9AE /* Sources */ = {
			isa = PBXSourcesBuildPhase;
			buildActionMask = 2147483647;
			files = (
				5F6E1BA72EC3ABC1009DF509 /* PlaylistsCoordinator.swift in Sources */,
				5F6E1BA82EC3ABC1009DF509 /* PlaylistsRepository.swift in Sources */,
				5F6E1BA92EC3ABC1009DF509 /* PlaylistsDataStack.swift in Sources */,
				5F6E1BAA2EC3ABC1009DF509 /* PlaylistsCrawler.swift in Sources */,
				5F94FD012E4F8E1900A3F9AE /* SpotifyService.swift in Sources */,
				5F6E1B632EBE709F009DF509 /* RunSessionManager.swift in Sources */,
				5F6E1B642EBE709F009DF509 /* RunTemplateType.swift in Sources */,
				5F6E1B652EBE709F009DF509 /* LiveActivityManager.swift in Sources */,
				5F6E1B662EBE709F009DF509 /* NumberWheelPicker.swift in Sources */,
				5F6E1B692EBE709F009DF509 /* RunPreviewService.swift in Sources */,
				5F6E1B6A2EBE709F009DF509 /* Genre.swift in Sources */,
				5F6E1B6B2EBE709F009DF509 /* UIComponents.swift in Sources */,
				5F6E1B6C2EBE709F009DF509 /* RunLogView.swift in Sources */,
				5F6E1B6D2EBE709F009DF509 /* LibraryCrawler.swift in Sources */,
				5F6E1B6E2EBE709F009DF509 /* PreviewRun.swift in Sources */,
				5F6E1B6F2EBE709F009DF509 /* CrawlCoordinator.swift in Sources */,
				5F6E1B702EBE709F009DF509 /* RunPreviewSheet.swift in Sources */,
				5F6E1B712EBE709F009DF509 /* LocalGenerator.swift in Sources */,
				5F6E1B722EBE709F009DF509 /* RunSummaryView.swift in Sources */,
				5F6E1BD92ECD016D009DF509 /* ThirdSourceDataStack.swift in Sources */,
				5F6E1B732EBE709F009DF509 /* SettingsView.swift in Sources */,
				5F6E1BDB2ECF0000009DF509 /* DefaultFiltersView.swift in Sources */,
				5F6E1B742EBE709F009DF509 /* Decade.swift in Sources */,
				5F6E1B752EBE709F009DF509 /* CachedModels.swift in Sources */,
				5F6E1B762EBE709F009DF509 /* ProgressStores.swift in Sources */,
				5F6E1B772EBE709F009DF509 /* DurationPickerSheet.swift in Sources */,
				5F6E1B782EBE709F009DF509 /* HomeView.swift in Sources */,
				5F6E1B7A2EBE709F009DF509 /* RunOrchestrator.swift in Sources */,
				5F6E1B7C2EBE709F009DF509 /* StartRunView.swift in Sources */,
				5F6E1B7D2EBE709F009DF509 /* OnboardingFlowView.swift in Sources */,
				5F6E1E922EDDE804009DF509 /* RunSetupSheet.swift in Sources */,
				5F6E1B7F2EBE709F009DF509 /* WebTokenConnectView.swift in Sources */,
				5F6E1B802EBE709F009DF509 /* ReccoBeatsClient.swift in Sources */,
				5F6E1B812EBE709F009DF509 /* JukyHeadlessRefresher.swift in Sources */,
				5F6E1B822EBE709F009DF509 /* AuthService.swift in Sources */,
				5F6E1B832EBE709F009DF509 /* SpotifyRecommendationsClient.swift in Sources */,
				5F6E1B842EBE709F009DF509 /* GenreUmbrellaService.swift in Sources */,
				5F6E1B852EBE709F009DF509 /* CompletedRun.swift in Sources */,
				5F6E1BA12EC3ABA2009DF509 /* PlaylistSelectionView.swift in Sources */,
				5F6E1B862EBE709F009DF509 /* LoginSplashView.swift in Sources */,
				5F6E1B872EBE709F009DF509 /* SpotifyPlaybackController.swift in Sources */,
				5F6E1B882EBE709F009DF509 /* NotificationScheduler.swift in Sources */,
				5F6E1B8A2EBE709F009DF509 /* SpotifyCredentials.swift in Sources */,
				5F6E1B902EC2778C009DF509 /* ReccoIdCache.swift in Sources */,
				5F6E1B912EC2778C009DF509 /* FeaturesIngestor.swift in Sources */,
				5F6E1B922EC2778C009DF509 /* ArtistsIngestor.swift in Sources */,
				5F6E1B8B2EBE709F009DF509 /* FilterPickerSheet.swift in Sources */,
				5F6E1B952EC3AAE4009DF509 /* CachedPlaylist.swift in Sources */,
				5F6E1B962EC3AAE4009DF509 /* PlaylistMembership.swift in Sources */,
			);
			runOnlyForDeploymentPostprocessing = 0;
		};
		5F94FCD82E4F886300A3F9AE /* Sources */ = {
			isa = PBXSourcesBuildPhase;
			buildActionMask = 2147483647;
			files = (
			);
			runOnlyForDeploymentPostprocessing = 0;
		};
		5F94FCE22E4F886300A3F9AE /* Sources */ = {
			isa = PBXSourcesBuildPhase;
			buildActionMask = 2147483647;
			files = (
			);
			runOnlyForDeploymentPostprocessing = 0;
		};
/* End PBXSourcesBuildPhase section */

/* Begin PBXTargetDependency section */
		5F94FCDE2E4F886300A3F9AE /* PBXTargetDependency */ = {
			isa = PBXTargetDependency;
			target = 5F94FCCC2E4F886200A3F9AE /* RunClub */;
			targetProxy = 5F94FCDD2E4F886300A3F9AE /* PBXContainerItemProxy */;
		};
		5F94FCE82E4F886300A3F9AE /* PBXTargetDependency */ = {
			isa = PBXTargetDependency;
			target = 5F94FCCC2E4F886200A3F9AE /* RunClub */;
			targetProxy = 5F94FCE72E4F886300A3F9AE /* PBXContainerItemProxy */;
		};
/* End PBXTargetDependency section */

/* Begin XCBuildConfiguration section */
		5F94FCEE2E4F886300A3F9AE /* Debug */ = {
			isa = XCBuildConfiguration;
			buildSettings = {
				ALWAYS_SEARCH_USER_PATHS = NO;
				ASSETCATALOG_COMPILER_GENERATE_SWIFT_ASSET_SYMBOL_EXTENSIONS = YES;
				CLANG_ANALYZER_NONNULL = YES;
				CLANG_ANALYZER_NUMBER_OBJECT_CONVERSION = YES_AGGRESSIVE;
				CLANG_CXX_LANGUAGE_STANDARD = "gnu++20";
				CLANG_ENABLE_MODULES = YES;
				CLANG_ENABLE_OBJC_ARC = YES;
				CLANG_ENABLE_OBJC_WEAK = YES;
				CLANG_WARN_BLOCK_CAPTURE_AUTORELEASING = YES;
				CLANG_WARN_BOOL_CONVERSION = YES;
				CLANG_WARN_COMMA = YES;
				CLANG_WARN_CONSTANT_CONVERSION = YES;
				CLANG_WARN_DEPRECATED_OBJC_IMPLEMENTATIONS = YES;
				CLANG_WARN_DIRECT_OBJC_ISA_USAGE = YES_ERROR;
				CLANG_WARN_DOCUMENTATION_COMMENTS = YES;
				CLANG_WARN_EMPTY_BODY = YES;
				CLANG_WARN_ENUM_CONVERSION = YES;
				CLANG_WARN_INFINITE_RECURSION = YES;
				CLANG_WARN_INT_CONVERSION = YES;
				CLANG_WARN_NON_LITERAL_NULL_CONVERSION = YES;
				CLANG_WARN_OBJC_IMPLICIT_RETAIN_SELF = YES;
				CLANG_WARN_OBJC_LITERAL_CONVERSION = YES;
				CLANG_WARN_OBJC_ROOT_CLASS = YES_ERROR;
				CLANG_WARN_QUOTED_INCLUDE_IN_FRAMEWORK_HEADER = YES;
				CLANG_WARN_RANGE_LOOP_ANALYSIS = YES;
				CLANG_WARN_STRICT_PROTOTYPES = YES;
				CLANG_WARN_SUSPICIOUS_MOVE = YES;
				CLANG_WARN_UNGUARDED_AVAILABILITY = YES_AGGRESSIVE;
				CLANG_WARN_UNREACHABLE_CODE = YES;
				CLANG_WARN__DUPLICATE_METHOD_MATCH = YES;
				COPY_PHASE_STRIP = NO;
				DEBUG_INFORMATION_FORMAT = dwarf;
				DEVELOPMENT_TEAM = 96T3B7GGCR;
				ENABLE_STRICT_OBJC_MSGSEND = YES;
				ENABLE_TESTABILITY = YES;
				ENABLE_USER_SCRIPT_SANDBOXING = YES;
				GCC_C_LANGUAGE_STANDARD = gnu17;
				GCC_DYNAMIC_NO_PIC = NO;
				GCC_NO_COMMON_BLOCKS = YES;
				GCC_OPTIMIZATION_LEVEL = 0;
				GCC_PREPROCESSOR_DEFINITIONS = (
					"DEBUG=1",
					"$(inherited)",
				);
				GCC_WARN_64_TO_32_BIT_CONVERSION = YES;
				GCC_WARN_ABOUT_RETURN_TYPE = YES_ERROR;
				GCC_WARN_UNDECLARED_SELECTOR = YES;
				GCC_WARN_UNINITIALIZED_AUTOS = YES_AGGRESSIVE;
				GCC_WARN_UNUSED_FUNCTION = YES;
				GCC_WARN_UNUSED_VARIABLE = YES;
				IPHONEOS_DEPLOYMENT_TARGET = 18.5;
				LOCALIZATION_PREFERS_STRING_CATALOGS = YES;
				MTL_ENABLE_DEBUG_INFO = INCLUDE_SOURCE;
				MTL_FAST_MATH = YES;
				ONLY_ACTIVE_ARCH = YES;
				SDKROOT = iphoneos;
				SWIFT_ACTIVE_COMPILATION_CONDITIONS = "DEBUG $(inherited)";
				SWIFT_OPTIMIZATION_LEVEL = "-Onone";
			};
			name = Debug;
		};
		5F94FCEF2E4F886300A3F9AE /* Release */ = {
			isa = XCBuildConfiguration;
			buildSettings = {
				ALWAYS_SEARCH_USER_PATHS = NO;
				ASSETCATALOG_COMPILER_GENERATE_SWIFT_ASSET_SYMBOL_EXTENSIONS = YES;
				CLANG_ANALYZER_NONNULL = YES;
				CLANG_ANALYZER_NUMBER_OBJECT_CONVERSION = YES_AGGRESSIVE;
				CLANG_CXX_LANGUAGE_STANDARD = "gnu++20";
				CLANG_ENABLE_MODULES = YES;
				CLANG_ENABLE_OBJC_ARC = YES;
				CLANG_ENABLE_OBJC_WEAK = YES;
				CLANG_WARN_BLOCK_CAPTURE_AUTORELEASING = YES;
				CLANG_WARN_BOOL_CONVERSION = YES;
				CLANG_WARN_COMMA = YES;
				CLANG_WARN_CONSTANT_CONVERSION = YES;
				CLANG_WARN_DEPRECATED_OBJC_IMPLEMENTATIONS = YES;
				CLANG_WARN_DIRECT_OBJC_ISA_USAGE = YES_ERROR;
				CLANG_WARN_DOCUMENTATION_COMMENTS = YES;
				CLANG_WARN_EMPTY_BODY = YES;
				CLANG_WARN_ENUM_CONVERSION = YES;
				CLANG_WARN_INFINITE_RECURSION = YES;
				CLANG_WARN_INT_CONVERSION = YES;
				CLANG_WARN_NON_LITERAL_NULL_CONVERSION = YES;
				CLANG_WARN_OBJC_IMPLICIT_RETAIN_SELF = YES;
				CLANG_WARN_OBJC_LITERAL_CONVERSION = YES;
				CLANG_WARN_OBJC_ROOT_CLASS = YES_ERROR;
				CLANG_WARN_QUOTED_INCLUDE_IN_FRAMEWORK_HEADER = YES;
				CLANG_WARN_RANGE_LOOP_ANALYSIS = YES;
				CLANG_WARN_STRICT_PROTOTYPES = YES;
				CLANG_WARN_SUSPICIOUS_MOVE = YES;
				CLANG_WARN_UNGUARDED_AVAILABILITY = YES_AGGRESSIVE;
				CLANG_WARN_UNREACHABLE_CODE = YES;
				CLANG_WARN__DUPLICATE_METHOD_MATCH = YES;
				COPY_PHASE_STRIP = NO;
				DEBUG_INFORMATION_FORMAT = "dwarf-with-dsym";
				DEVELOPMENT_TEAM = 96T3B7GGCR;
				ENABLE_NS_ASSERTIONS = NO;
				ENABLE_STRICT_OBJC_MSGSEND = YES;
				ENABLE_USER_SCRIPT_SANDBOXING = YES;
				GCC_C_LANGUAGE_STANDARD = gnu17;
				GCC_NO_COMMON_BLOCKS = YES;
				GCC_WARN_64_TO_32_BIT_CONVERSION = YES;
				GCC_WARN_ABOUT_RETURN_TYPE = YES_ERROR;
				GCC_WARN_UNDECLARED_SELECTOR = YES;
				GCC_WARN_UNINITIALIZED_AUTOS = YES_AGGRESSIVE;
				GCC_WARN_UNUSED_FUNCTION = YES;
				GCC_WARN_UNUSED_VARIABLE = YES;
				IPHONEOS_DEPLOYMENT_TARGET = 18.5;
				LOCALIZATION_PREFERS_STRING_CATALOGS = YES;
				MTL_ENABLE_DEBUG_INFO = NO;
				MTL_FAST_MATH = YES;
				SDKROOT = iphoneos;
				SWIFT_COMPILATION_MODE = wholemodule;
				VALIDATE_PRODUCT = YES;
			};
			name = Release;
		};
		5F94FCF12E4F886300A3F9AE /* Debug */ = {
			isa = XCBuildConfiguration;
			buildSettings = {
				ASSETCATALOG_COMPILER_APPICON_NAME = AppIcon;
				ASSETCATALOG_COMPILER_GLOBAL_ACCENT_COLOR_NAME = AccentColor;
				ASSETCATALOG_COMPILER_INCLUDE_ALL_APPICON_ASSETS = NO;
				CODE_SIGN_ENTITLEMENTS = RunClub/RunClub.entitlements;
				CODE_SIGN_IDENTITY = "Apple Development";
				CODE_SIGN_STYLE = Automatic;
				CURRENT_PROJECT_VERSION = 1;
				DEVELOPMENT_TEAM = M97L9XPUTB;
				ENABLE_PREVIEWS = YES;
				FRAMEWORK_SEARCH_PATHS = "$(inherited)";
				GENERATE_INFOPLIST_FILE = YES;
				INFOPLIST_FILE = RunClub/Info.plist;
				INFOPLIST_KEY_CFBundleDisplayName = RunClubAppX;
				INFOPLIST_KEY_LSApplicationCategoryType = "public.app-category.healthcare-fitness";
				INFOPLIST_KEY_NSLocationAlwaysAndWhenInUseUsageDescription = "Allow background location to record your route while the phone is locked.";
				INFOPLIST_KEY_NSLocationWhenInUseUsageDescription = "RunClub uses your location to record your run route and distance.";
				INFOPLIST_KEY_NSSupportsLiveActivities = YES;
				INFOPLIST_KEY_UIApplicationSupportsIndirectInputEvents = YES;
				INFOPLIST_KEY_UILaunchScreen_Generation = YES;
				INFOPLIST_KEY_UISupportedInterfaceOrientations_iPad = "UIInterfaceOrientationPortrait UIInterfaceOrientationPortraitUpsideDown UIInterfaceOrientationLandscapeLeft UIInterfaceOrientationLandscapeRight";
				INFOPLIST_KEY_UISupportedInterfaceOrientations_iPhone = "UIInterfaceOrientationPortrait UIInterfaceOrientationLandscapeLeft UIInterfaceOrientationLandscapeRight";
				LD_RUNPATH_SEARCH_PATHS = (
					"$(inherited)",
					"@executable_path/Frameworks",
				);
				LIBRARY_SEARCH_PATHS = "$(inherited)";
				MARKETING_VERSION = 1.2;
				PRODUCT_BUNDLE_IDENTIFIER = com.StemsLabs.RunClubAppX;
				PRODUCT_NAME = RunClubAppX;
				PROVISIONING_PROFILE_SPECIFIER = "";
				SUPPORTED_PLATFORMS = "iphoneos iphonesimulator";
				SUPPORTS_MACCATALYST = NO;
				SUPPORTS_MAC_DESIGNED_FOR_IPHONE_IPAD = NO;
				SUPPORTS_XR_DESIGNED_FOR_IPHONE_IPAD = NO;
				SWIFT_EMIT_LOC_STRINGS = NO;
				SWIFT_VERSION = 5.0;
				TARGETED_DEVICE_FAMILY = 1;
			};
			name = Debug;
		};
		5F94FCF22E4F886300A3F9AE /* Release */ = {
			isa = XCBuildConfiguration;
			buildSettings = {
				ASSETCATALOG_COMPILER_APPICON_NAME = AppIcon;
				ASSETCATALOG_COMPILER_GLOBAL_ACCENT_COLOR_NAME = AccentColor;
				ASSETCATALOG_COMPILER_INCLUDE_ALL_APPICON_ASSETS = NO;
				CODE_SIGN_ENTITLEMENTS = RunClub/RunClub.entitlements;
				CODE_SIGN_IDENTITY = "Apple Development";
				CODE_SIGN_STYLE = Automatic;
				CURRENT_PROJECT_VERSION = 1;
				DEVELOPMENT_TEAM = M97L9XPUTB;
				ENABLE_PREVIEWS = YES;
				FRAMEWORK_SEARCH_PATHS = "$(inherited)";
				GENERATE_INFOPLIST_FILE = YES;
				INFOPLIST_FILE = RunClub/Info.plist;
				INFOPLIST_KEY_CFBundleDisplayName = RunClubAppX;
				INFOPLIST_KEY_LSApplicationCategoryType = "public.app-category.healthcare-fitness";
				INFOPLIST_KEY_NSLocationAlwaysAndWhenInUseUsageDescription = "Allow background location to record your route while the phone is locked.";
				INFOPLIST_KEY_NSLocationWhenInUseUsageDescription = "RunClub uses your location to record your run route and distance.";
				INFOPLIST_KEY_NSSupportsLiveActivities = YES;
				INFOPLIST_KEY_UIApplicationSupportsIndirectInputEvents = YES;
				INFOPLIST_KEY_UILaunchScreen_Generation = YES;
				INFOPLIST_KEY_UISupportedInterfaceOrientations_iPad = "UIInterfaceOrientationPortrait UIInterfaceOrientationPortraitUpsideDown UIInterfaceOrientationLandscapeLeft UIInterfaceOrientationLandscapeRight";
				INFOPLIST_KEY_UISupportedInterfaceOrientations_iPhone = "UIInterfaceOrientationPortrait UIInterfaceOrientationLandscapeLeft UIInterfaceOrientationLandscapeRight";
				LD_RUNPATH_SEARCH_PATHS = (
					"$(inherited)",
					"@executable_path/Frameworks",
				);
				LIBRARY_SEARCH_PATHS = "$(inherited)";
				MARKETING_VERSION = 1.2;
				PRODUCT_BUNDLE_IDENTIFIER = com.StemsLabs.RunClubAppX;
				PRODUCT_NAME = RunClubAppX;
				PROVISIONING_PROFILE_SPECIFIER = "";
				SUPPORTED_PLATFORMS = "iphoneos iphonesimulator";
				SUPPORTS_MACCATALYST = NO;
				SUPPORTS_MAC_DESIGNED_FOR_IPHONE_IPAD = NO;
				SUPPORTS_XR_DESIGNED_FOR_IPHONE_IPAD = NO;
				SWIFT_EMIT_LOC_STRINGS = NO;
				SWIFT_VERSION = 5.0;
				TARGETED_DEVICE_FAMILY = 1;
			};
			name = Release;
		};
		5F94FCF42E4F886300A3F9AE /* Debug */ = {
			isa = XCBuildConfiguration;
			buildSettings = {
				BUNDLE_LOADER = "$(TEST_HOST)";
				CODE_SIGN_STYLE = Automatic;
				CURRENT_PROJECT_VERSION = 1;
				DEVELOPMENT_TEAM = 96T3B7GGCR;
				GENERATE_INFOPLIST_FILE = YES;
				IPHONEOS_DEPLOYMENT_TARGET = 18.5;
				MARKETING_VERSION = 1.0;
				PRODUCT_BUNDLE_IDENTIFIER = PKG.RunClubTests;
				PRODUCT_NAME = "$(TARGET_NAME)";
				SWIFT_EMIT_LOC_STRINGS = NO;
				SWIFT_VERSION = 5.0;
				TARGETED_DEVICE_FAMILY = "1,2";
				TEST_HOST = "$(BUILT_PRODUCTS_DIR)/RunClub.app/$(BUNDLE_EXECUTABLE_FOLDER_PATH)/RunClub";
			};
			name = Debug;
		};
		5F94FCF52E4F886300A3F9AE /* Release */ = {
			isa = XCBuildConfiguration;
			buildSettings = {
				BUNDLE_LOADER = "$(TEST_HOST)";
				CODE_SIGN_STYLE = Automatic;
				CURRENT_PROJECT_VERSION = 1;
				DEVELOPMENT_TEAM = 96T3B7GGCR;
				GENERATE_INFOPLIST_FILE = YES;
				IPHONEOS_DEPLOYMENT_TARGET = 18.5;
				MARKETING_VERSION = 1.0;
				PRODUCT_BUNDLE_IDENTIFIER = PKG.RunClubTests;
				PRODUCT_NAME = "$(TARGET_NAME)";
				SWIFT_EMIT_LOC_STRINGS = NO;
				SWIFT_VERSION = 5.0;
				TARGETED_DEVICE_FAMILY = "1,2";
				TEST_HOST = "$(BUILT_PRODUCTS_DIR)/RunClub.app/$(BUNDLE_EXECUTABLE_FOLDER_PATH)/RunClub";
			};
			name = Release;
		};
		5F94FCF72E4F886300A3F9AE /* Debug */ = {
			isa = XCBuildConfiguration;
			buildSettings = {
				CODE_SIGN_STYLE = Automatic;
				CURRENT_PROJECT_VERSION = 1;
				DEVELOPMENT_TEAM = 96T3B7GGCR;
				GENERATE_INFOPLIST_FILE = YES;
				MARKETING_VERSION = 1.0;
				PRODUCT_BUNDLE_IDENTIFIER = PKG.RunClubUITests;
				PRODUCT_NAME = "$(TARGET_NAME)";
				SWIFT_EMIT_LOC_STRINGS = NO;
				SWIFT_VERSION = 5.0;
				TARGETED_DEVICE_FAMILY = "1,2";
				TEST_TARGET_NAME = RunClub;
			};
			name = Debug;
		};
		5F94FCF82E4F886300A3F9AE /* Release */ = {
			isa = XCBuildConfiguration;
			buildSettings = {
				CODE_SIGN_STYLE = Automatic;
				CURRENT_PROJECT_VERSION = 1;
				DEVELOPMENT_TEAM = 96T3B7GGCR;
				GENERATE_INFOPLIST_FILE = YES;
				MARKETING_VERSION = 1.0;
				PRODUCT_BUNDLE_IDENTIFIER = PKG.RunClubUITests;
				PRODUCT_NAME = "$(TARGET_NAME)";
				SWIFT_EMIT_LOC_STRINGS = NO;
				SWIFT_VERSION = 5.0;
				TARGETED_DEVICE_FAMILY = "1,2";
				TEST_TARGET_NAME = RunClub;
			};
			name = Release;
		};
/* End XCBuildConfiguration section */

/* Begin XCConfigurationList section */
		5F94FCC82E4F886200A3F9AE /* Build configuration list for PBXProject "RunClub" */ = {
			isa = XCConfigurationList;
			buildConfigurations = (
				5F94FCEE2E4F886300A3F9AE /* Debug */,
				5F94FCEF2E4F886300A3F9AE /* Release */,
			);
			defaultConfigurationIsVisible = 0;
			defaultConfigurationName = Release;
		};
		5F94FCF02E4F886300A3F9AE /* Build configuration list for PBXNativeTarget "RunClub" */ = {
			isa = XCConfigurationList;
			buildConfigurations = (
				5F94FCF12E4F886300A3F9AE /* Debug */,
				5F94FCF22E4F886300A3F9AE /* Release */,
			);
			defaultConfigurationIsVisible = 0;
			defaultConfigurationName = Release;
		};
		5F94FCF32E4F886300A3F9AE /* Build configuration list for PBXNativeTarget "RunClubTests" */ = {
			isa = XCConfigurationList;
			buildConfigurations = (
				5F94FCF42E4F886300A3F9AE /* Debug */,
				5F94FCF52E4F886300A3F9AE /* Release */,
			);
			defaultConfigurationIsVisible = 0;
			defaultConfigurationName = Release;
		};
		5F94FCF62E4F886300A3F9AE /* Build configuration list for PBXNativeTarget "RunClubUITests" */ = {
			isa = XCConfigurationList;
			buildConfigurations = (
				5F94FCF72E4F886300A3F9AE /* Debug */,
				5F94FCF82E4F886300A3F9AE /* Release */,
			);
			defaultConfigurationIsVisible = 0;
			defaultConfigurationName = Release;
		};
/* End XCConfigurationList section */
	};
	rootObject = 5F94FCC52E4F886200A3F9AE /* Project object */;
}
